
Microsoft Visual Studio Solution File, Format Version 12.00
# Visual Studio Version 16
VisualStudioVersion = 16.0.29613.14
MinimumVisualStudioVersion = 10.0.40219.1
Project("{FAE04EC0-301F-11D3-BF4B-00C04F79EFBC}") = "SmartFoodRestaurantSystem", "SmartFoodRestaurantSystem\SmartFoodRestaurantSystem.csproj", "{234D924E-D386-432D-8A5C-ACDA43EAB45E}"
EndProject
Global
	GlobalSection(SolutionConfigurationPlatforms) = preSolution
		Debug|Any CPU = Debug|Any CPU
		Release|Any CPU = Release|Any CPU
	EndGlobalSection
	GlobalSection(ProjectConfigurationPlatforms) = postSolution
		{234D924E-D386-432D-8A5C-ACDA43EAB45E}.Debug|Any CPU.ActiveCfg = Debug|Any CPU
		{234D924E-D386-432D-8A5C-ACDA43EAB45E}.Debug|Any CPU.Build.0 = Debug|Any CPU
		{234D924E-D386-432D-8A5C-ACDA43EAB45E}.Release|Any CPU.ActiveCfg = Release|Any CPU
		{234D924E-D386-432D-8A5C-ACDA43EAB45E}.Release|Any CPU.Build.0 = Release|Any CPU
	EndGlobalSection
	GlobalSection(SolutionProperties) = preSolution
		HideSolutionNode = FALSE
	EndGlobalSection
	GlobalSection(ExtensibilityGlobals) = postSolution
		SolutionGuid = {1AB3F965-16E8-489A-8700-149AD4C96392}
	EndGlobalSection
EndGlobal
